
Microsoft Visual Studio Solution File, Format Version 12.00
# Visual Studio Version 16
VisualStudioVersion = 16.0.31911.196
MinimumVisualStudioVersion = 10.0.40219.1
Project("{8BC9CEB8-8B4A-11D0-8D11-00A0C91BC942}") = "IB_3_lab", "IB_3_lab.vcxproj", "{8AC483E4-D9AB-4767-ACDE-0EFDA959DF2E}"
EndProject
Global
	GlobalSection(SolutionConfigurationPlatforms) = preSolution
		Debug|x64 = Debug|x64
		Debug|x86 = Debug|x86
		Release|x64 = Release|x64
		Release|x86 = Release|x86
	EndGlobalSection
	GlobalSection(ProjectConfigurationPlatforms) = postSolution
		{8AC483E4-D9AB-4767-ACDE-0EFDA959DF2E}.Debug|x64.ActiveCfg = Debug|x64
		{8AC483E4-D9AB-4767-ACDE-0EFDA959DF2E}.Debug|x64.Build.0 = Debug|x64
		{8AC483E4-D9AB-4767-ACDE-0EFDA959DF2E}.Debug|x86.ActiveCfg = Debug|Win32
		{8AC483E4-D9AB-4767-ACDE-0EFDA959DF2E}.Debug|x86.Build.0 = Debug|Win32
		{8AC483E4-D9AB-4767-ACDE-0EFDA959DF2E}.Release|x64.ActiveCfg = Release|x64
		{8AC483E4-D9AB-4767-ACDE-0EFDA959DF2E}.Release|x64.Build.0 = Release|x64
		{8AC483E4-D9AB-4767-ACDE-0EFDA959DF2E}.Release|x86.ActiveCfg = Release|Win32
		{8AC483E4-D9AB-4767-ACDE-0EFDA959DF2E}.Release|x86.Build.0 = Release|Win32
	EndGlobalSection
	GlobalSection(SolutionProperties) = preSolution
		HideSolutionNode = FALSE
	EndGlobalSection
	GlobalSection(ExtensibilityGlobals) = postSolution
		SolutionGuid = {57EFDD8A-2766-441B-ABB9-4CEEC8FCE91F}
	EndGlobalSection
EndGlobal
